
Microsoft Visual Studio Solution File, Format Version 12.00
# Visual Studio Version 17
VisualStudioVersion = 17.0.32014.148
MinimumVisualStudioVersion = 10.0.40219.1
Project("{9A19103F-16F7-4668-BE54-9A1E7A4F7556}") = "VehicleData.UI", "VehicleData\VehicleData.UI.csproj", "{B1FB8EA0-6FBE-4BF3-8F7F-DD2B602D2D3B}"
EndProject
Project("{FAE04EC0-301F-11D3-BF4B-00C04F79EFBC}") = "VehicleData.Application", "VehicleData.Appliction\VehicleData.Application.csproj", "{911C4756-3B95-4058-9F91-2557CCEC0515}"
EndProject
Project("{FAE04EC0-301F-11D3-BF4B-00C04F79EFBC}") = "VehicleData.Domain", "CleanArchitecture.Domain\VehicleData.Domain.csproj", "{BE3F48FA-07FB-4766-A488-499F8E34A6F5}"
EndProject
Project("{FAE04EC0-301F-11D3-BF4B-00C04F79EFBC}") = "VehicleData.Infrastructure", "CleanArchitecture.Infrastructure\VehicleData.Infrastructure.csproj", "{175CB321-F413-48AF-B92B-41A2474A0314}"
EndProject
Global
	GlobalSection(SolutionConfigurationPlatforms) = preSolution
		Debug|Any CPU = Debug|Any CPU
		Release|Any CPU = Release|Any CPU
	EndGlobalSection
	GlobalSection(ProjectConfigurationPlatforms) = postSolution
		{B1FB8EA0-6FBE-4BF3-8F7F-DD2B602D2D3B}.Debug|Any CPU.ActiveCfg = Debug|Any CPU
		{B1FB8EA0-6FBE-4BF3-8F7F-DD2B602D2D3B}.Debug|Any CPU.Build.0 = Debug|Any CPU
		{B1FB8EA0-6FBE-4BF3-8F7F-DD2B602D2D3B}.Release|Any CPU.ActiveCfg = Release|Any CPU
		{B1FB8EA0-6FBE-4BF3-8F7F-DD2B602D2D3B}.Release|Any CPU.Build.0 = Release|Any CPU
		{911C4756-3B95-4058-9F91-2557CCEC0515}.Debug|Any CPU.ActiveCfg = Debug|Any CPU
		{911C4756-3B95-4058-9F91-2557CCEC0515}.Debug|Any CPU.Build.0 = Debug|Any CPU
		{911C4756-3B95-4058-9F91-2557CCEC0515}.Release|Any CPU.ActiveCfg = Release|Any CPU
		{911C4756-3B95-4058-9F91-2557CCEC0515}.Release|Any CPU.Build.0 = Release|Any CPU
		{BE3F48FA-07FB-4766-A488-499F8E34A6F5}.Debug|Any CPU.ActiveCfg = Debug|Any CPU
		{BE3F48FA-07FB-4766-A488-499F8E34A6F5}.Debug|Any CPU.Build.0 = Debug|Any CPU
		{BE3F48FA-07FB-4766-A488-499F8E34A6F5}.Release|Any CPU.ActiveCfg = Release|Any CPU
		{BE3F48FA-07FB-4766-A488-499F8E34A6F5}.Release|Any CPU.Build.0 = Release|Any CPU
		{175CB321-F413-48AF-B92B-41A2474A0314}.Debug|Any CPU.ActiveCfg = Debug|Any CPU
		{175CB321-F413-48AF-B92B-41A2474A0314}.Debug|Any CPU.Build.0 = Debug|Any CPU
		{175CB321-F413-48AF-B92B-41A2474A0314}.Release|Any CPU.ActiveCfg = Release|Any CPU
		{175CB321-F413-48AF-B92B-41A2474A0314}.Release|Any CPU.Build.0 = Release|Any CPU
	EndGlobalSection
	GlobalSection(SolutionProperties) = preSolution
		HideSolutionNode = FALSE
	EndGlobalSection
	GlobalSection(ExtensibilityGlobals) = postSolution
		SolutionGuid = {23B0825F-B39F-433B-8576-E592B57B6391}
	EndGlobalSection
EndGlobal
